
Microsoft Visual Studio Solution File, Format Version 12.00
# Visual Studio 2012
Project("{F184B08F-C81C-45F6-A57F-5ABD9991F28F}") = "bdmcache", "bdmcache\bdmcache.vbproj", "{BE961685-0EAC-4DB3-AC2B-C5B88932ED25}"
EndProject
Project("{FAE04EC0-301F-11D3-BF4B-00C04F79EFBC}") = "TagLoader", "TagLoader\TagLoader.csproj", "{399905B9-EBA7-4A68-A8F9-FD5613FC3ED0}"
EndProject
Global
	GlobalSection(SolutionConfigurationPlatforms) = preSolution
		Debug|Any CPU = Debug|Any CPU
		Debug|Mixed Platforms = Debug|Mixed Platforms
		Debug|Win32 = Debug|Win32
		Release|Any CPU = Release|Any CPU
		Release|Mixed Platforms = Release|Mixed Platforms
		Release|Win32 = Release|Win32
	EndGlobalSection
	GlobalSection(ProjectConfigurationPlatforms) = postSolution
		{BE961685-0EAC-4DB3-AC2B-C5B88932ED25}.Debug|Any CPU.ActiveCfg = Debug|Any CPU
		{BE961685-0EAC-4DB3-AC2B-C5B88932ED25}.Debug|Any CPU.Build.0 = Debug|Any CPU
		{BE961685-0EAC-4DB3-AC2B-C5B88932ED25}.Debug|Mixed Platforms.ActiveCfg = Debug|Any CPU
		{BE961685-0EAC-4DB3-AC2B-C5B88932ED25}.Debug|Mixed Platforms.Build.0 = Debug|Any CPU
		{BE961685-0EAC-4DB3-AC2B-C5B88932ED25}.Debug|Win32.ActiveCfg = Debug|Any CPU
		{BE961685-0EAC-4DB3-AC2B-C5B88932ED25}.Release|Any CPU.ActiveCfg = Release|Any CPU
		{BE961685-0EAC-4DB3-AC2B-C5B88932ED25}.Release|Any CPU.Build.0 = Release|Any CPU
		{BE961685-0EAC-4DB3-AC2B-C5B88932ED25}.Release|Mixed Platforms.ActiveCfg = Release|Any CPU
		{BE961685-0EAC-4DB3-AC2B-C5B88932ED25}.Release|Mixed Platforms.Build.0 = Release|Any CPU
		{BE961685-0EAC-4DB3-AC2B-C5B88932ED25}.Release|Win32.ActiveCfg = Release|Any CPU
		{399905B9-EBA7-4A68-A8F9-FD5613FC3ED0}.Debug|Any CPU.ActiveCfg = Debug|Any CPU
		{399905B9-EBA7-4A68-A8F9-FD5613FC3ED0}.Debug|Any CPU.Build.0 = Debug|Any CPU
		{399905B9-EBA7-4A68-A8F9-FD5613FC3ED0}.Debug|Mixed Platforms.ActiveCfg = Debug|Any CPU
		{399905B9-EBA7-4A68-A8F9-FD5613FC3ED0}.Debug|Mixed Platforms.Build.0 = Debug|Any CPU
		{399905B9-EBA7-4A68-A8F9-FD5613FC3ED0}.Debug|Win32.ActiveCfg = Debug|Any CPU
		{399905B9-EBA7-4A68-A8F9-FD5613FC3ED0}.Release|Any CPU.ActiveCfg = Release|Any CPU
		{399905B9-EBA7-4A68-A8F9-FD5613FC3ED0}.Release|Any CPU.Build.0 = Release|Any CPU
		{399905B9-EBA7-4A68-A8F9-FD5613FC3ED0}.Release|Mixed Platforms.ActiveCfg = Release|Any CPU
		{399905B9-EBA7-4A68-A8F9-FD5613FC3ED0}.Release|Mixed Platforms.Build.0 = Release|Any CPU
		{399905B9-EBA7-4A68-A8F9-FD5613FC3ED0}.Release|Win32.ActiveCfg = Release|Any CPU
	EndGlobalSection
	GlobalSection(SolutionProperties) = preSolution
		HideSolutionNode = FALSE
	EndGlobalSection
EndGlobal
